
Microsoft Visual Studio Solution File, Format Version 12.00
# Visual Studio Version 17
VisualStudioVersion = 17.0.31903.59
MinimumVisualStudioVersion = 10.0.40219.1
Project("{2150E333-8FDC-42A3-9474-1A3956D46DE8}") = "source", "source", "{02EA681E-C7D8-13C7-8484-4AC65E1B71E8}"
EndProject
Project("{FAE04EC0-301F-11D3-BF4B-00C04F79EFBC}") = "AyazDuru.Samples.Keycloak.AppHost", "source\AyazDuru.Samples.Keycloak.AppHost\AyazDuru.Samples.Keycloak.AppHost.csproj", "{C2B13A0A-2741-301C-DA4F-2218FA7501AB}"
EndProject
Project("{FAE04EC0-301F-11D3-BF4B-00C04F79EFBC}") = "AyazDuru.Samples.Keycloak.ServiceDefaults", "source\AyazDuru.Samples.Keycloak.ServiceDefaults\AyazDuru.Samples.Keycloak.ServiceDefaults.csproj", "{8A70EA86-95E2-9A8D-BF08-B473A42C8566}"
EndProject
Project("{FAE04EC0-301F-11D3-BF4B-00C04F79EFBC}") = "AyazDuru.Samples.Keycloak.ProductApiService", "source\AyazDuru.Samples.Keycloak.ProductApiService\AyazDuru.Samples.Keycloak.ProductApiService.csproj", "{E926F8EB-8D9F-DFAA-2EB4-E901AD6E6124}"
EndProject
Project("{FAE04EC0-301F-11D3-BF4B-00C04F79EFBC}") = "AyazDuru.Samples.Keycloak.NotificationApiService", "source\AyazDuru.Samples.Keycloak.NotificationApiService\AyazDuru.Samples.Keycloak.NotificationApiService.csproj", "{68CB78D1-4A3E-AD4F-342A-FEB1FAA93304}"
EndProject
Project("{FAE04EC0-301F-11D3-BF4B-00C04F79EFBC}") = "AyazDuru.Samples.Keycloak.Blazor", "source\AyazDuru.Samples.Keycloak.Blazor\AyazDuru.Samples.Keycloak.Blazor.csproj", "{F8022FB0-AB25-98BF-8833-C877C97D8D88}"
EndProject
Project("{FAE04EC0-301F-11D3-BF4B-00C04F79EFBC}") = "AyazDuru.Samples.Keycloak.Blazor.Client", "source\AyazDuru.Samples.Keycloak.Blazor.Client\AyazDuru.Samples.Keycloak.Blazor.Client.csproj", "{0B5CAC61-0BB5-3C83-902E-E617B7DC94B6}"
EndProject
Global
	GlobalSection(SolutionConfigurationPlatforms) = preSolution
		Debug|Any CPU = Debug|Any CPU
		Release|Any CPU = Release|Any CPU
	EndGlobalSection
	GlobalSection(ProjectConfigurationPlatforms) = postSolution
		{C2B13A0A-2741-301C-DA4F-2218FA7501AB}.Debug|Any CPU.ActiveCfg = Debug|Any CPU
		{C2B13A0A-2741-301C-DA4F-2218FA7501AB}.Debug|Any CPU.Build.0 = Debug|Any CPU
		{C2B13A0A-2741-301C-DA4F-2218FA7501AB}.Release|Any CPU.ActiveCfg = Release|Any CPU
		{C2B13A0A-2741-301C-DA4F-2218FA7501AB}.Release|Any CPU.Build.0 = Release|Any CPU
		{8A70EA86-95E2-9A8D-BF08-B473A42C8566}.Debug|Any CPU.ActiveCfg = Debug|Any CPU
		{8A70EA86-95E2-9A8D-BF08-B473A42C8566}.Debug|Any CPU.Build.0 = Debug|Any CPU
		{8A70EA86-95E2-9A8D-BF08-B473A42C8566}.Release|Any CPU.ActiveCfg = Release|Any CPU
		{8A70EA86-95E2-9A8D-BF08-B473A42C8566}.Release|Any CPU.Build.0 = Release|Any CPU
		{E926F8EB-8D9F-DFAA-2EB4-E901AD6E6124}.Debug|Any CPU.ActiveCfg = Debug|Any CPU
		{E926F8EB-8D9F-DFAA-2EB4-E901AD6E6124}.Debug|Any CPU.Build.0 = Debug|Any CPU
		{E926F8EB-8D9F-DFAA-2EB4-E901AD6E6124}.Release|Any CPU.ActiveCfg = Release|Any CPU
		{E926F8EB-8D9F-DFAA-2EB4-E901AD6E6124}.Release|Any CPU.Build.0 = Release|Any CPU
		{68CB78D1-4A3E-AD4F-342A-FEB1FAA93304}.Debug|Any CPU.ActiveCfg = Debug|Any CPU
		{68CB78D1-4A3E-AD4F-342A-FEB1FAA93304}.Debug|Any CPU.Build.0 = Debug|Any CPU
		{68CB78D1-4A3E-AD4F-342A-FEB1FAA93304}.Release|Any CPU.ActiveCfg = Release|Any CPU
		{68CB78D1-4A3E-AD4F-342A-FEB1FAA93304}.Release|Any CPU.Build.0 = Release|Any CPU
		{F8022FB0-AB25-98BF-8833-C877C97D8D88}.Debug|Any CPU.ActiveCfg = Debug|Any CPU
		{F8022FB0-AB25-98BF-8833-C877C97D8D88}.Debug|Any CPU.Build.0 = Debug|Any CPU
		{F8022FB0-AB25-98BF-8833-C877C97D8D88}.Release|Any CPU.ActiveCfg = Release|Any CPU
		{F8022FB0-AB25-98BF-8833-C877C97D8D88}.Release|Any CPU.Build.0 = Release|Any CPU
		{0B5CAC61-0BB5-3C83-902E-E617B7DC94B6}.Debug|Any CPU.ActiveCfg = Debug|Any CPU
		{0B5CAC61-0BB5-3C83-902E-E617B7DC94B6}.Debug|Any CPU.Build.0 = Debug|Any CPU
		{0B5CAC61-0BB5-3C83-902E-E617B7DC94B6}.Release|Any CPU.ActiveCfg = Release|Any CPU
		{0B5CAC61-0BB5-3C83-902E-E617B7DC94B6}.Release|Any CPU.Build.0 = Release|Any CPU
	EndGlobalSection
	GlobalSection(SolutionProperties) = preSolution
		HideSolutionNode = FALSE
	EndGlobalSection
	GlobalSection(NestedProjects) = preSolution
		{C2B13A0A-2741-301C-DA4F-2218FA7501AB} = {02EA681E-C7D8-13C7-8484-4AC65E1B71E8}
		{8A70EA86-95E2-9A8D-BF08-B473A42C8566} = {02EA681E-C7D8-13C7-8484-4AC65E1B71E8}
		{E926F8EB-8D9F-DFAA-2EB4-E901AD6E6124} = {02EA681E-C7D8-13C7-8484-4AC65E1B71E8}
		{68CB78D1-4A3E-AD4F-342A-FEB1FAA93304} = {02EA681E-C7D8-13C7-8484-4AC65E1B71E8}
		{F8022FB0-AB25-98BF-8833-C877C97D8D88} = {02EA681E-C7D8-13C7-8484-4AC65E1B71E8}
		{0B5CAC61-0BB5-3C83-902E-E617B7DC94B6} = {02EA681E-C7D8-13C7-8484-4AC65E1B71E8}
	EndGlobalSection
	GlobalSection(ExtensibilityGlobals) = postSolution
		SolutionGuid = {8CB10D9B-0605-441C-887A-2B4805754454}
	EndGlobalSection
EndGlobal
